Microsoft Visual Studio Solution File, Format Version 12.00
Project("{FAE04EC0-301F-11D3-BF4B-00C04F79EFBC}") = "SessionHandler", "SessionHandler\SessionHandler.csproj", "{DFAB6684-F25E-450D-AB7A-A60CD43FF6B7}"
EndProject
Global
	GlobalSection(SolutionConfigurationPlatforms) = preSolution
		Debug|Any CPU = Debug|Any CPU
		Release|Any CPU = Release|Any CPU
	EndGlobalSection
	GlobalSection(ProjectConfigurationPlatforms) = postSolution
		{DFAB6684-F25E-450D-AB7A-A60CD43FF6B7}.Debug|Any CPU.ActiveCfg = Debug|Any CPU
		{DFAB6684-F25E-450D-AB7A-A60CD43FF6B7}.Debug|Any CPU.Build.0 = Debug|Any CPU
		{DFAB6684-F25E-450D-AB7A-A60CD43FF6B7}.Release|Any CPU.ActiveCfg = Release|Any CPU
		{DFAB6684-F25E-450D-AB7A-A60CD43FF6B7}.Release|Any CPU.Build.0 = Release|Any CPU
	EndGlobalSection
EndGlobal
